{
    "version": 3,
    "terraform_version": "0.11.7",
    "serial": 3,
    "lineage": "fbda442b-e55b-9c37-fbd4-97b9fb9b14bd",
    "modules": [
        {
            "path": [
                "root"
            ],
            "outputs": {},
            "resources": {
                "aws_cloudwatch_log_group.test-cw-log-group": {
                    "type": "aws_cloudwatch_log_group",
                    "depends_on": [],
                    "primary": {
                        "id": "/test/cw/log/group",
                        "attributes": {
                            "arn": "arn:aws:logs:us-east-1:135614467696:log-group:/test/cw/log/group:*",
                            "id": "/test/cw/log/group",
                            "kms_key_id": "",
                            "name": "/test/cw/log/group",
                            "retention_in_days": "0",
                            "tags.%": "2",
                            "tags.Application": "jh-app",
                            "tags.Environment": "production"
                        },
                        "meta": {},
                        "tainted": false
                    },
                    "deposed": [],
                    "provider": "provider.aws"
                },
                "aws_iam_instance_profile.jh05-ec2-cw-role": {
                    "type": "aws_iam_instance_profile",
                    "depends_on": [
                        "aws_iam_role.jh05-ec2-cw-role"
                    ],
                    "primary": {
                        "id": "jh05-ec2-cw-role",
                        "attributes": {
                            "arn": "arn:aws:iam::135614467696:instance-profile/jh05-ec2-cw-role",
                            "create_date": "2019-05-04T14:15:36Z",
                            "id": "jh05-ec2-cw-role",
                            "name": "jh05-ec2-cw-role",
                            "path": "/",
                            "role": "jh05-ec2-cw-role",
                            "roles.#": "1",
                            "roles.16972316": "jh05-ec2-cw-role",
                            "unique_id": "AIPAR7E2ARZYMMFEADH45"
                        },
                        "meta": {},
                        "tainted": false
                    },
                    "deposed": [],
                    "provider": "provider.aws"
                },
                "aws_iam_role.jh05-ec2-cw-role": {
                    "type": "aws_iam_role",
                    "depends_on": [],
                    "primary": {
                        "id": "jh05-ec2-cw-role",
                        "attributes": {
                            "arn": "arn:aws:iam::135614467696:role/jh05-ec2-cw-role",
                            "assume_role_policy": "{\"Version\":\"2012-10-17\",\"Statement\":[{\"Sid\":\"\",\"Effect\":\"Allow\",\"Principal\":{\"Service\":\"ec2.amazonaws.com\"},\"Action\":\"sts:AssumeRole\"}]}",
                            "create_date": "2019-05-04T14:15:34Z",
                            "description": "",
                            "force_detach_policies": "false",
                            "id": "jh05-ec2-cw-role",
                            "max_session_duration": "3600",
                            "name": "jh05-ec2-cw-role",
                            "path": "/",
                            "tags.%": "0",
                            "unique_id": "AROAR7E2ARZYCR24TUKSZ"
                        },
                        "meta": {},
                        "tainted": false
                    },
                    "deposed": [],
                    "provider": "provider.aws"
                },
                "aws_iam_role_policy.jh05-ec2-cw-role-policy": {
                    "type": "aws_iam_role_policy",
                    "depends_on": [
                        "aws_iam_role.jh05-ec2-cw-role"
                    ],
                    "primary": {
                        "id": "jh05-ec2-cw-role:jh05-ec2-cw-role-policy",
                        "attributes": {
                            "id": "jh05-ec2-cw-role:jh05-ec2-cw-role-policy",
                            "name": "jh05-ec2-cw-role-policy",
                            "policy": "{\n  \"Version\": \"2012-10-17\",\n  \"Statement\": [\n    {\n        \"Effect\": \"Allow\",\n        \"Action\": [\n            \"logs:CreateLogGroup\",\n            \"logs:CreateLogStream\",\n            \"logs:PutLogEvents\",\n            \"logs:DescribeLogStreams\"\n        ],\n        \"Resource\": [\n            \"arn:aws:logs:*:*:*\"\n        ]\n    }\n  ]\n}\n",
                            "role": "jh05-ec2-cw-role"
                        },
                        "meta": {},
                        "tainted": false
                    },
                    "deposed": [],
                    "provider": "provider.aws"
                },
                "aws_instance.web": {
                    "type": "aws_instance",
                    "depends_on": [
                        "aws_iam_instance_profile.jh05-ec2-cw-role",
                        "data.aws_ami.amazon-linux-2",
                        "data.aws_subnet.selected"
                    ],
                    "primary": {
                        "id": "i-090c6dba7c4bbbfda",
                        "attributes": {
                            "ami": "ami-07a1313a5c3d40220",
                            "arn": "arn:aws:ec2:us-east-1:135614467696:instance/i-090c6dba7c4bbbfda",
                            "associate_public_ip_address": "true",
                            "availability_zone": "us-east-1a",
                            "cpu_core_count": "1",
                            "cpu_threads_per_core": "1",
                            "credit_specification.#": "1",
                            "credit_specification.0.cpu_credits": "standard",
                            "disable_api_termination": "false",
                            "ebs_block_device.#": "0",
                            "ebs_optimized": "false",
                            "ephemeral_block_device.#": "0",
                            "get_password_data": "false",
                            "iam_instance_profile": "jh05-ec2-cw-role",
                            "id": "i-090c6dba7c4bbbfda",
                            "instance_state": "running",
                            "instance_type": "t2.micro",
                            "ipv6_address_count": "0",
                            "ipv6_addresses.#": "0",
                            "key_name": "jh-us-key",
                            "monitoring": "false",
                            "network_interface.#": "0",
                            "password_data": "",
                            "placement_group": "",
                            "primary_network_interface_id": "eni-098e4a9ae0634db49",
                            "private_dns": "ip-172-31-42-145.ec2.internal",
                            "private_ip": "172.31.42.145",
                            "public_dns": "ec2-3-89-192-103.compute-1.amazonaws.com",
                            "public_ip": "3.89.192.103",
                            "root_block_device.#": "1",
                            "root_block_device.0.delete_on_termination": "true",
                            "root_block_device.0.iops": "100",
                            "root_block_device.0.volume_id": "vol-0953f8f3b095a3692",
                            "root_block_device.0.volume_size": "10",
                            "root_block_device.0.volume_type": "gp2",
                            "security_groups.#": "1",
                            "security_groups.3814588639": "default",
                            "source_dest_check": "true",
                            "subnet_id": "subnet-d04b288c",
                            "tags.%": "1",
                            "tags.Name": "test-cwlogs",
                            "tenancy": "default",
                            "volume_tags.%": "0",
                            "vpc_security_group_ids.#": "1",
                            "vpc_security_group_ids.1400830106": "sg-de71b99b"
                        },
                        "meta": {
                            "e2bfb730-ecaa-11e6-8f88-34363bc7c4c0": {
                                "create": 600000000000,
                                "delete": 1200000000000,
                                "update": 600000000000
                            },
                            "schema_version": "1"
                        },
                        "tainted": false
                    },
                    "deposed": [],
                    "provider": "provider.aws"
                },
                "data.aws_ami.amazon-linux-2": {
                    "type": "aws_ami",
                    "depends_on": [],
                    "primary": {
                        "id": "ami-07a1313a5c3d40220",
                        "attributes": {
                            "architecture": "x86_64",
                            "block_device_mappings.#": "3",
                            "block_device_mappings.1634610537.device_name": "/dev/sdb",
                            "block_device_mappings.1634610537.ebs.%": "0",
                            "block_device_mappings.1634610537.no_device": "",
                            "block_device_mappings.1634610537.virtual_name": "ephemeral0",
                            "block_device_mappings.309099847.device_name": "/dev/sda1",
                            "block_device_mappings.309099847.ebs.%": "6",
                            "block_device_mappings.309099847.ebs.delete_on_termination": "true",
                            "block_device_mappings.309099847.ebs.encrypted": "false",
                            "block_device_mappings.309099847.ebs.iops": "0",
                            "block_device_mappings.309099847.ebs.snapshot_id": "snap-01b58a17b987c1174",
                            "block_device_mappings.309099847.ebs.volume_size": "10",
                            "block_device_mappings.309099847.ebs.volume_type": "gp2",
                            "block_device_mappings.309099847.no_device": "",
                            "block_device_mappings.309099847.virtual_name": "",
                            "block_device_mappings.3850042718.device_name": "/dev/sdc",
                            "block_device_mappings.3850042718.ebs.%": "0",
                            "block_device_mappings.3850042718.no_device": "",
                            "block_device_mappings.3850042718.virtual_name": "ephemeral1",
                            "creation_date": "2019-05-02T12:18:56.000Z",
                            "description": "Cloud9 Cloud9Ubuntu AMI",
                            "filter.#": "1",
                            "filter.574890044.name": "owner-alias",
                            "filter.574890044.values.#": "1",
                            "filter.574890044.values.0": "amazon",
                            "hypervisor": "xen",
                            "id": "ami-07a1313a5c3d40220",
                            "image_id": "ami-07a1313a5c3d40220",
                            "image_location": "amazon/Cloud9Ubuntu-2019-05-02T11-18",
                            "image_owner_alias": "amazon",
                            "image_type": "machine",
                            "most_recent": "true",
                            "name": "Cloud9Ubuntu-2019-05-02T11-18",
                            "owner_id": "327094444948",
                            "owners.#": "1",
                            "owners.0": "amazon",
                            "product_codes.#": "0",
                            "public": "true",
                            "root_device_name": "/dev/sda1",
                            "root_device_type": "ebs",
                            "root_snapshot_id": "snap-01b58a17b987c1174",
                            "sriov_net_support": "simple",
                            "state": "available",
                            "state_reason.%": "2",
                            "state_reason.code": "UNSET",
                            "state_reason.message": "UNSET",
                            "tags.%": "0",
                            "virtualization_type": "hvm"
                        },
                        "meta": {},
                        "tainted": false
                    },
                    "deposed": [],
                    "provider": "provider.aws"
                },
                "data.aws_subnet.selected": {
                    "type": "aws_subnet",
                    "depends_on": [
                        "local.subnetName"
                    ],
                    "primary": {
                        "id": "subnet-d04b288c",
                        "attributes": {
                            "arn": "arn:aws:ec2:us-east-1:135614467696:subnet/subnet-d04b288c",
                            "assign_ipv6_address_on_creation": "false",
                            "availability_zone": "us-east-1a",
                            "availability_zone_id": "use1-az6",
                            "cidr_block": "172.31.32.0/20",
                            "default_for_az": "true",
                            "filter.#": "1",
                            "filter.147219871.name": "tag:Name",
                            "filter.147219871.values.#": "1",
                            "filter.147219871.values.4166319693": "default-1a",
                            "id": "subnet-d04b288c",
                            "map_public_ip_on_launch": "true",
                            "owner_id": "135614467696",
                            "state": "available",
                            "tags.%": "1",
                            "tags.Name": "default-1a",
                            "vpc_id": "vpc-92fb49e8"
                        },
                        "meta": {},
                        "tainted": false
                    },
                    "deposed": [],
                    "provider": "provider.aws"
                },
                "data.aws_vpc.selected": {
                    "type": "aws_vpc",
                    "depends_on": [
                        "local.vpcName"
                    ],
                    "primary": {
                        "id": "vpc-92fb49e8",
                        "attributes": {
                            "arn": "arn:aws:ec2:us-east-1:135614467696:vpc/vpc-92fb49e8",
                            "cidr_block": "172.31.0.0/16",
                            "cidr_block_associations.#": "1",
                            "cidr_block_associations.0.association_id": "vpc-cidr-assoc-45de5129",
                            "cidr_block_associations.0.cidr_block": "172.31.0.0/16",
                            "cidr_block_associations.0.state": "associated",
                            "default": "true",
                            "dhcp_options_id": "dopt-aefea2d5",
                            "enable_dns_hostnames": "true",
                            "enable_dns_support": "true",
                            "filter.#": "1",
                            "filter.3473673469.name": "tag:Name",
                            "filter.3473673469.values.#": "1",
                            "filter.3473673469.values.1971754988": "default",
                            "id": "vpc-92fb49e8",
                            "instance_tenancy": "default",
                            "main_route_table_id": "rtb-9e82bce1",
                            "owner_id": "135614467696",
                            "state": "available",
                            "tags.%": "1",
                            "tags.Name": "default"
                        },
                        "meta": {},
                        "tainted": false
                    },
                    "deposed": [],
                    "provider": "provider.aws"
                },
                "data.template_file.aws_userdata": {
                    "type": "template_file",
                    "depends_on": [],
                    "primary": {
                        "id": "6c3f907f23a97845560c7f830bfc8d3ebb68f910fe7b7e7f12d58e1ae1e44fef",
                        "attributes": {
                            "id": "6c3f907f23a97845560c7f830bfc8d3ebb68f910fe7b7e7f12d58e1ae1e44fef",
                            "rendered": "#!/bin/bash -xe\n\nfunction log() {\n  echo \"[$(date)]$1\" | tee -a /var/log/jenkins_cloudinit.log\n}\n\nlog '[INFO] JH Testing'\n",
                            "template": "#!/bin/bash -xe\n\nfunction log() {\n  echo \"[$(date)]$1\" | tee -a /var/log/jenkins_cloudinit.log\n}\n\nlog '[INFO] JH Testing'\n"
                        },
                        "meta": {},
                        "tainted": false
                    },
                    "deposed": [],
                    "provider": "provider.template"
                }
            },
            "depends_on": []
        }
    ]
}
