{
    "version": 3,
    "terraform_version": "0.11.7",
    "serial": 19,
    "lineage": "fbda442b-e55b-9c37-fbd4-97b9fb9b14bd",
    "modules": [
        {
            "path": [
                "root"
            ],
            "outputs": {
                "public_dns": {
                    "sensitive": false,
                    "type": "string",
                    "value": "ec2-52-55-126-136.compute-1.amazonaws.com"
                },
                "public_ip": {
                    "sensitive": false,
                    "type": "string",
                    "value": "52.55.126.136"
                },
                "remote_cmd": {
                    "sensitive": false,
                    "type": "string",
                    "value": "ssh -i \"jh-us-key.pem\" ec2-user@ec2-52-55-126-136.compute-1.amazonaws.com"
                }
            },
            "resources": {
                "aws_cloudwatch_log_group.test-cw-log-group": {
                    "type": "aws_cloudwatch_log_group",
                    "depends_on": [],
                    "primary": {
                        "id": "/test/cw/log/group",
                        "attributes": {
                            "arn": "arn:aws:logs:us-east-1:135614467696:log-group:/test/cw/log/group:*",
                            "id": "/test/cw/log/group",
                            "kms_key_id": "",
                            "name": "/test/cw/log/group",
                            "retention_in_days": "0",
                            "tags.%": "2",
                            "tags.Application": "jh-app",
                            "tags.Environment": "production"
                        },
                        "meta": {},
                        "tainted": false
                    },
                    "deposed": [],
                    "provider": "provider.aws"
                },
                "aws_iam_instance_profile.jh05-ec2-cw-role": {
                    "type": "aws_iam_instance_profile",
                    "depends_on": [
                        "aws_iam_role.jh05-ec2-cw-role"
                    ],
                    "primary": {
                        "id": "jh05-ec2-cw-role",
                        "attributes": {
                            "arn": "arn:aws:iam::135614467696:instance-profile/jh05-ec2-cw-role",
                            "create_date": "2019-05-05T02:59:12Z",
                            "id": "jh05-ec2-cw-role",
                            "name": "jh05-ec2-cw-role",
                            "path": "/",
                            "role": "jh05-ec2-cw-role",
                            "roles.#": "0",
                            "unique_id": "AIPAR7E2ARZYDLJICACNA"
                        },
                        "meta": {},
                        "tainted": false
                    },
                    "deposed": [],
                    "provider": "provider.aws"
                },
                "aws_iam_role.jh05-ec2-cw-role": {
                    "type": "aws_iam_role",
                    "depends_on": [],
                    "primary": {
                        "id": "jh05-ec2-cw-role",
                        "attributes": {
                            "arn": "arn:aws:iam::135614467696:role/jh05-ec2-cw-role",
                            "assume_role_policy": "{\"Version\":\"2012-10-17\",\"Statement\":[{\"Sid\":\"\",\"Effect\":\"Allow\",\"Principal\":{\"Service\":\"ec2.amazonaws.com\"},\"Action\":\"sts:AssumeRole\"}]}",
                            "create_date": "2019-05-05T02:59:10Z",
                            "description": "",
                            "force_detach_policies": "false",
                            "id": "jh05-ec2-cw-role",
                            "max_session_duration": "3600",
                            "name": "jh05-ec2-cw-role",
                            "path": "/",
                            "tags.%": "0",
                            "unique_id": "AROAR7E2ARZYCOPFTR3TS"
                        },
                        "meta": {},
                        "tainted": false
                    },
                    "deposed": [],
                    "provider": "provider.aws"
                },
                "aws_iam_role_policy.jh05-ec2-cw-role-policy": {
                    "type": "aws_iam_role_policy",
                    "depends_on": [
                        "aws_iam_role.jh05-ec2-cw-role"
                    ],
                    "primary": {
                        "id": "jh05-ec2-cw-role:jh05-ec2-cw-role-policy",
                        "attributes": {
                            "id": "jh05-ec2-cw-role:jh05-ec2-cw-role-policy",
                            "name": "jh05-ec2-cw-role-policy",
                            "policy": "{\n  \"Version\": \"2012-10-17\",\n  \"Statement\": [\n    {\n        \"Effect\": \"Allow\",\n        \"Action\": [\n            \"logs:CreateLogGroup\",\n            \"logs:CreateLogStream\",\n            \"logs:PutLogEvents\",\n            \"logs:DescribeLogStreams\"\n        ],\n        \"Resource\": [\n            \"arn:aws:logs:*:*:*\"\n        ]\n    }\n  ]\n}\n",
                            "role": "jh05-ec2-cw-role"
                        },
                        "meta": {},
                        "tainted": false
                    },
                    "deposed": [],
                    "provider": "provider.aws"
                },
                "aws_instance.web": {
                    "type": "aws_instance",
                    "depends_on": [
                        "aws_iam_instance_profile.jh05-ec2-cw-role",
                        "aws_security_group.allow_ssh",
                        "data.aws_ami.amazon-linux-2",
                        "data.aws_subnet.selected",
                        "data.template_file.aws_userdata"
                    ],
                    "primary": {
                        "id": "i-08946d8df55bedcdf",
                        "attributes": {
                            "ami": "ami-05673d809cbe59f27",
                            "arn": "arn:aws:ec2:us-east-1:135614467696:instance/i-08946d8df55bedcdf",
                            "associate_public_ip_address": "true",
                            "availability_zone": "us-east-1a",
                            "cpu_core_count": "1",
                            "cpu_threads_per_core": "1",
                            "credit_specification.#": "1",
                            "credit_specification.0.cpu_credits": "standard",
                            "disable_api_termination": "false",
                            "ebs_block_device.#": "0",
                            "ebs_optimized": "false",
                            "ephemeral_block_device.#": "0",
                            "get_password_data": "false",
                            "iam_instance_profile": "jh05-ec2-cw-role",
                            "id": "i-08946d8df55bedcdf",
                            "instance_state": "running",
                            "instance_type": "t2.micro",
                            "ipv6_address_count": "0",
                            "ipv6_addresses.#": "0",
                            "key_name": "jh-us-key",
                            "monitoring": "false",
                            "network_interface.#": "0",
                            "password_data": "",
                            "placement_group": "",
                            "primary_network_interface_id": "eni-0f826cbdadde8a830",
                            "private_dns": "ip-172-31-41-21.ec2.internal",
                            "private_ip": "172.31.41.21",
                            "public_dns": "ec2-52-55-126-136.compute-1.amazonaws.com",
                            "public_ip": "52.55.126.136",
                            "root_block_device.#": "1",
                            "root_block_device.0.delete_on_termination": "true",
                            "root_block_device.0.iops": "100",
                            "root_block_device.0.volume_id": "vol-09cd276ede7f8cac3",
                            "root_block_device.0.volume_size": "8",
                            "root_block_device.0.volume_type": "gp2",
                            "security_groups.#": "1",
                            "security_groups.348211241": "allow_tls",
                            "source_dest_check": "true",
                            "subnet_id": "subnet-d04b288c",
                            "tags.%": "1",
                            "tags.Name": "test-cwlogs",
                            "tenancy": "default",
                            "user_data": "7c1673e89a35ddf152481661526682a5cf8d30eb",
                            "volume_tags.%": "0",
                            "vpc_security_group_ids.#": "1",
                            "vpc_security_group_ids.1046606240": "sg-0ca3e63763a228e44"
                        },
                        "meta": {
                            "e2bfb730-ecaa-11e6-8f88-34363bc7c4c0": {
                                "create": 600000000000,
                                "delete": 1200000000000,
                                "update": 600000000000
                            },
                            "schema_version": "1"
                        },
                        "tainted": false
                    },
                    "deposed": [],
                    "provider": "provider.aws"
                },
                "aws_security_group.allow_ssh": {
                    "type": "aws_security_group",
                    "depends_on": [
                        "data.aws_vpc.selected"
                    ],
                    "primary": {
                        "id": "sg-0ca3e63763a228e44",
                        "attributes": {
                            "arn": "arn:aws:ec2:us-east-1:135614467696:security-group/sg-0ca3e63763a228e44",
                            "description": "Allow TLS inbound traffic",
                            "egress.#": "1",
                            "egress.482069346.cidr_blocks.#": "1",
                            "egress.482069346.cidr_blocks.0": "0.0.0.0/0",
                            "egress.482069346.description": "",
                            "egress.482069346.from_port": "0",
                            "egress.482069346.ipv6_cidr_blocks.#": "0",
                            "egress.482069346.prefix_list_ids.#": "0",
                            "egress.482069346.protocol": "-1",
                            "egress.482069346.security_groups.#": "0",
                            "egress.482069346.self": "false",
                            "egress.482069346.to_port": "0",
                            "id": "sg-0ca3e63763a228e44",
                            "ingress.#": "1",
                            "ingress.2541437006.cidr_blocks.#": "1",
                            "ingress.2541437006.cidr_blocks.0": "0.0.0.0/0",
                            "ingress.2541437006.description": "",
                            "ingress.2541437006.from_port": "22",
                            "ingress.2541437006.ipv6_cidr_blocks.#": "0",
                            "ingress.2541437006.prefix_list_ids.#": "0",
                            "ingress.2541437006.protocol": "tcp",
                            "ingress.2541437006.security_groups.#": "0",
                            "ingress.2541437006.self": "false",
                            "ingress.2541437006.to_port": "22",
                            "name": "allow_tls",
                            "owner_id": "135614467696",
                            "revoke_rules_on_delete": "false",
                            "tags.%": "0",
                            "vpc_id": "vpc-92fb49e8"
                        },
                        "meta": {
                            "e2bfb730-ecaa-11e6-8f88-34363bc7c4c0": {
                                "create": 600000000000,
                                "delete": 600000000000
                            },
                            "schema_version": "1"
                        },
                        "tainted": false
                    },
                    "deposed": [],
                    "provider": "provider.aws"
                },
                "data.aws_ami.amazon-linux-2": {
                    "type": "aws_ami",
                    "depends_on": [],
                    "primary": {
                        "id": "ami-05673d809cbe59f27",
                        "attributes": {
                            "architecture": "x86_64",
                            "block_device_mappings.#": "1",
                            "block_device_mappings.340275815.device_name": "/dev/xvda",
                            "block_device_mappings.340275815.ebs.%": "6",
                            "block_device_mappings.340275815.ebs.delete_on_termination": "true",
                            "block_device_mappings.340275815.ebs.encrypted": "false",
                            "block_device_mappings.340275815.ebs.iops": "0",
                            "block_device_mappings.340275815.ebs.snapshot_id": "snap-0acf33ce3c6893f81",
                            "block_device_mappings.340275815.ebs.volume_size": "8",
                            "block_device_mappings.340275815.ebs.volume_type": "gp2",
                            "block_device_mappings.340275815.no_device": "",
                            "block_device_mappings.340275815.virtual_name": "",
                            "creation_date": "2019-04-08T17:58:19.000Z",
                            "description": "Amazon Linux 2 LTS AMI with .NET Core 2.1",
                            "filter.#": "2",
                            "filter.3355656240.name": "name",
                            "filter.3355656240.values.#": "1",
                            "filter.3355656240.values.0": "amzn2-ami-hvm*",
                            "filter.574890044.name": "owner-alias",
                            "filter.574890044.values.#": "1",
                            "filter.574890044.values.0": "amazon",
                            "hypervisor": "xen",
                            "id": "ami-05673d809cbe59f27",
                            "image_id": "ami-05673d809cbe59f27",
                            "image_location": "amazon/amzn2-ami-hvm-2.0.20180622.1-x86_64-gp2-dotnetcore-2019.04.09",
                            "image_owner_alias": "amazon",
                            "image_type": "machine",
                            "most_recent": "true",
                            "name": "amzn2-ami-hvm-2.0.20180622.1-x86_64-gp2-dotnetcore-2019.04.09",
                            "owner_id": "801119661308",
                            "owners.#": "1",
                            "owners.0": "amazon",
                            "product_codes.#": "0",
                            "public": "true",
                            "root_device_name": "/dev/xvda",
                            "root_device_type": "ebs",
                            "root_snapshot_id": "snap-0acf33ce3c6893f81",
                            "sriov_net_support": "simple",
                            "state": "available",
                            "state_reason.%": "2",
                            "state_reason.code": "UNSET",
                            "state_reason.message": "UNSET",
                            "tags.%": "0",
                            "virtualization_type": "hvm"
                        },
                        "meta": {},
                        "tainted": false
                    },
                    "deposed": [],
                    "provider": "provider.aws"
                },
                "data.aws_subnet.selected": {
                    "type": "aws_subnet",
                    "depends_on": [
                        "local.subnetName"
                    ],
                    "primary": {
                        "id": "subnet-d04b288c",
                        "attributes": {
                            "arn": "arn:aws:ec2:us-east-1:135614467696:subnet/subnet-d04b288c",
                            "assign_ipv6_address_on_creation": "false",
                            "availability_zone": "us-east-1a",
                            "availability_zone_id": "use1-az6",
                            "cidr_block": "172.31.32.0/20",
                            "default_for_az": "true",
                            "filter.#": "1",
                            "filter.147219871.name": "tag:Name",
                            "filter.147219871.values.#": "1",
                            "filter.147219871.values.4166319693": "default-1a",
                            "id": "subnet-d04b288c",
                            "map_public_ip_on_launch": "true",
                            "owner_id": "135614467696",
                            "state": "available",
                            "tags.%": "1",
                            "tags.Name": "default-1a",
                            "vpc_id": "vpc-92fb49e8"
                        },
                        "meta": {},
                        "tainted": false
                    },
                    "deposed": [],
                    "provider": "provider.aws"
                },
                "data.aws_vpc.selected": {
                    "type": "aws_vpc",
                    "depends_on": [
                        "local.vpcName"
                    ],
                    "primary": {
                        "id": "vpc-92fb49e8",
                        "attributes": {
                            "arn": "arn:aws:ec2:us-east-1:135614467696:vpc/vpc-92fb49e8",
                            "cidr_block": "172.31.0.0/16",
                            "cidr_block_associations.#": "1",
                            "cidr_block_associations.0.association_id": "vpc-cidr-assoc-45de5129",
                            "cidr_block_associations.0.cidr_block": "172.31.0.0/16",
                            "cidr_block_associations.0.state": "associated",
                            "default": "true",
                            "dhcp_options_id": "dopt-aefea2d5",
                            "enable_dns_hostnames": "true",
                            "enable_dns_support": "true",
                            "filter.#": "1",
                            "filter.3473673469.name": "tag:Name",
                            "filter.3473673469.values.#": "1",
                            "filter.3473673469.values.1971754988": "default",
                            "id": "vpc-92fb49e8",
                            "instance_tenancy": "default",
                            "main_route_table_id": "rtb-9e82bce1",
                            "owner_id": "135614467696",
                            "state": "available",
                            "tags.%": "1",
                            "tags.Name": "default"
                        },
                        "meta": {},
                        "tainted": false
                    },
                    "deposed": [],
                    "provider": "provider.aws"
                },
                "data.template_file.aws_userdata": {
                    "type": "template_file",
                    "depends_on": [],
                    "primary": {
                        "id": "63540e4bd7fedf3b23fdd0033a410cbefc2179fd67eafb42208807cd9eb89a6b",
                        "attributes": {
                            "id": "63540e4bd7fedf3b23fdd0033a410cbefc2179fd67eafb42208807cd9eb89a6b",
                            "rendered": "#!/bin/bash -xe\n\nfunction log() {\n  sudo echo \"[$(date)]$1\" | sudo tee -a /var/log/cloudwatch_init.log\n}\n\nlog '[INFO] Installing AWSLogs agent'\n#curl https://s3.amazonaws.com/aws-cloudwatch/downloads/latest/awslogs-agent-setup.py -O\nsudo yum update -y\nsudo yum install awslogs -y\n\nsudo cp /etc/awslogs/awslogs.conf /etc/awslogs/awslogs.conf.backup_by_jh\nsudo chmod 777 /etc/awslogs/awslogs.conf\nsudo echo \"\n[general]\nstate_file = /var/lib/awslogs/agent-state\n[/var/log/messages]\ndatetime_format = %b %d %H:%M:%S\nfile = /var/log/messages\nbuffer_duration = 5000\nlog_stream_name = InstanceID\ninitial_position = start_of_file\nlog_group_name = /jh/test/cwlogs/02\n\" \u003e /etc/awslogs/awslogs.conf\n\nsudo cat /etc/awslogs/awslogs.conf\nsudo chmod 644 /etc/awslogs/awslogs.conf\n\nsudo service awslogsd start\nsudo systemctl  enable awslogsd\n\n",
                            "template": "#!/bin/bash -xe\n\nfunction log() {\n  sudo echo \"[$(date)]$1\" | sudo tee -a /var/log/cloudwatch_init.log\n}\n\nlog '[INFO] Installing AWSLogs agent'\n#curl https://s3.amazonaws.com/aws-cloudwatch/downloads/latest/awslogs-agent-setup.py -O\nsudo yum update -y\nsudo yum install awslogs -y\n\nsudo cp /etc/awslogs/awslogs.conf /etc/awslogs/awslogs.conf.backup_by_jh\nsudo chmod 777 /etc/awslogs/awslogs.conf\nsudo echo \"\n[general]\nstate_file = /var/lib/awslogs/agent-state\n[/var/log/messages]\ndatetime_format = %b %d %H:%M:%S\nfile = ${log_files}\nbuffer_duration = 5000\nlog_stream_name = ${instance_id}\ninitial_position = start_of_file\nlog_group_name = ${log_group_name}\n\" \u003e /etc/awslogs/awslogs.conf\n\nsudo cat /etc/awslogs/awslogs.conf\nsudo chmod 644 /etc/awslogs/awslogs.conf\n\nsudo service awslogsd start\nsudo systemctl  enable awslogsd\n\n",
                            "vars.%": "3",
                            "vars.instance_id": "InstanceID",
                            "vars.log_files": "/var/log/messages",
                            "vars.log_group_name": "/jh/test/cwlogs/02"
                        },
                        "meta": {},
                        "tainted": false
                    },
                    "deposed": [],
                    "provider": "provider.template"
                }
            },
            "depends_on": []
        }
    ]
}
